
Microsoft Visual Studio Solution File, Format Version 12.00
# Visual Studio Version 17
VisualStudioVersion = 17.13.35931.197 d17.13
MinimumVisualStudioVersion = 10.0.40219.1
Project("{FAE04EC0-301F-11D3-BF4B-00C04F79EFBC}") = "Calculator", "Calculator\Calculator.csproj", "{7075EF4E-E78C-49AE-936C-90E78F3901A7}"
EndProject
Global
	GlobalSection(SolutionConfigurationPlatforms) = preSolution
		Debug|Any CPU = Debug|Any CPU
		Release|Any CPU = Release|Any CPU
	EndGlobalSection
	GlobalSection(ProjectConfigurationPlatforms) = postSolution
		{7075EF4E-E78C-49AE-936C-90E78F3901A7}.Debug|Any CPU.ActiveCfg = Debug|Any CPU
		{7075EF4E-E78C-49AE-936C-90E78F3901A7}.Debug|Any CPU.Build.0 = Debug|Any CPU
		{7075EF4E-E78C-49AE-936C-90E78F3901A7}.Release|Any CPU.ActiveCfg = Release|Any CPU
		{7075EF4E-E78C-49AE-936C-90E78F3901A7}.Release|Any CPU.Build.0 = Release|Any CPU
	EndGlobalSection
	GlobalSection(SolutionProperties) = preSolution
		HideSolutionNode = FALSE
	EndGlobalSection
	GlobalSection(ExtensibilityGlobals) = postSolution
		SolutionGuid = {E9062419-365A-4CC8-8E4F-B1CE75B625AE}
	EndGlobalSection
EndGlobal
